
Microsoft Visual Studio Solution File, Format Version 12.00
# Visual Studio Version 16
VisualStudioVersion = 16.0.31613.86
MinimumVisualStudioVersion = 10.0.40219.1
Project("{8BC9CEB8-8B4A-11D0-8D11-00A0C91BC942}") = "BT1", "BT1\BT1.vcxproj", "{07291E9F-39E0-4B7C-87F9-B2E2BF4CD5B9}"
EndProject
Project("{8BC9CEB8-8B4A-11D0-8D11-00A0C91BC942}") = "BT2", "BT2\BT2.vcxproj", "{2DBE5865-D867-4186-A534-C37B4C80C56E}"
EndProject
Project("{8BC9CEB8-8B4A-11D0-8D11-00A0C91BC942}") = "BT3", "BT3\BT3.vcxproj", "{70408D8D-BF28-4BE5-829D-838B9700E7DA}"
EndProject
Project("{8BC9CEB8-8B4A-11D0-8D11-00A0C91BC942}") = "BT4", "BT4\BT4.vcxproj", "{4AD914B4-38D5-4024-BA79-D075440A490C}"
EndProject
Project("{8BC9CEB8-8B4A-11D0-8D11-00A0C91BC942}") = "BT5", "BT5\BT5.vcxproj", "{B48E5F4A-55ED-4E9C-9B59-06E612A15310}"
EndProject
Project("{8BC9CEB8-8B4A-11D0-8D11-00A0C91BC942}") = "BT6", "BT6\BT6.vcxproj", "{39525650-9FC9-4C1D-B46B-707746E58446}"
EndProject
Project("{8BC9CEB8-8B4A-11D0-8D11-00A0C91BC942}") = "BT7", "BT7\BT7.vcxproj", "{93E4F4E8-C71B-48E9-8BDF-904BE42951EE}"
EndProject
Project("{8BC9CEB8-8B4A-11D0-8D11-00A0C91BC942}") = "BT8", "BT8\BT8.vcxproj", "{685F85D2-BA4B-4D27-8BC8-CFF4D3D79C94}"
EndProject
Project("{8BC9CEB8-8B4A-11D0-8D11-00A0C91BC942}") = "BT9", "BT9\BT9.vcxproj", "{6915D96F-6297-416F-AE15-4FDB3970EA79}"
EndProject
Global
	GlobalSection(SolutionConfigurationPlatforms) = preSolution
		Debug|x64 = Debug|x64
		Debug|x86 = Debug|x86
		Release|x64 = Release|x64
		Release|x86 = Release|x86
	EndGlobalSection
	GlobalSection(ProjectConfigurationPlatforms) = postSolution
		{07291E9F-39E0-4B7C-87F9-B2E2BF4CD5B9}.Debug|x64.ActiveCfg = Debug|x64
		{07291E9F-39E0-4B7C-87F9-B2E2BF4CD5B9}.Debug|x64.Build.0 = Debug|x64
		{07291E9F-39E0-4B7C-87F9-B2E2BF4CD5B9}.Debug|x86.ActiveCfg = Debug|Win32
		{07291E9F-39E0-4B7C-87F9-B2E2BF4CD5B9}.Debug|x86.Build.0 = Debug|Win32
		{07291E9F-39E0-4B7C-87F9-B2E2BF4CD5B9}.Release|x64.ActiveCfg = Release|x64
		{07291E9F-39E0-4B7C-87F9-B2E2BF4CD5B9}.Release|x64.Build.0 = Release|x64
		{07291E9F-39E0-4B7C-87F9-B2E2BF4CD5B9}.Release|x86.ActiveCfg = Release|Win32
		{07291E9F-39E0-4B7C-87F9-B2E2BF4CD5B9}.Release|x86.Build.0 = Release|Win32
		{2DBE5865-D867-4186-A534-C37B4C80C56E}.Debug|x64.ActiveCfg = Debug|x64
		{2DBE5865-D867-4186-A534-C37B4C80C56E}.Debug|x64.Build.0 = Debug|x64
		{2DBE5865-D867-4186-A534-C37B4C80C56E}.Debug|x86.ActiveCfg = Debug|Win32
		{2DBE5865-D867-4186-A534-C37B4C80C56E}.Debug|x86.Build.0 = Debug|Win32
		{2DBE5865-D867-4186-A534-C37B4C80C56E}.Release|x64.ActiveCfg = Release|x64
		{2DBE5865-D867-4186-A534-C37B4C80C56E}.Release|x64.Build.0 = Release|x64
		{2DBE5865-D867-4186-A534-C37B4C80C56E}.Release|x86.ActiveCfg = Release|Win32
		{2DBE5865-D867-4186-A534-C37B4C80C56E}.Release|x86.Build.0 = Release|Win32
		{70408D8D-BF28-4BE5-829D-838B9700E7DA}.Debug|x64.ActiveCfg = Debug|x64
		{70408D8D-BF28-4BE5-829D-838B9700E7DA}.Debug|x64.Build.0 = Debug|x64
		{70408D8D-BF28-4BE5-829D-838B9700E7DA}.Debug|x86.ActiveCfg = Debug|Win32
		{70408D8D-BF28-4BE5-829D-838B9700E7DA}.Debug|x86.Build.0 = Debug|Win32
		{70408D8D-BF28-4BE5-829D-838B9700E7DA}.Release|x64.ActiveCfg = Release|x64
		{70408D8D-BF28-4BE5-829D-838B9700E7DA}.Release|x64.Build.0 = Release|x64
		{70408D8D-BF28-4BE5-829D-838B9700E7DA}.Release|x86.ActiveCfg = Release|Win32
		{70408D8D-BF28-4BE5-829D-838B9700E7DA}.Release|x86.Build.0 = Release|Win32
		{4AD914B4-38D5-4024-BA79-D075440A490C}.Debug|x64.ActiveCfg = Debug|x64
		{4AD914B4-38D5-4024-BA79-D075440A490C}.Debug|x64.Build.0 = Debug|x64
		{4AD914B4-38D5-4024-BA79-D075440A490C}.Debug|x86.ActiveCfg = Debug|Win32
		{4AD914B4-38D5-4024-BA79-D075440A490C}.Debug|x86.Build.0 = Debug|Win32
		{4AD914B4-38D5-4024-BA79-D075440A490C}.Release|x64.ActiveCfg = Release|x64
		{4AD914B4-38D5-4024-BA79-D075440A490C}.Release|x64.Build.0 = Release|x64
		{4AD914B4-38D5-4024-BA79-D075440A490C}.Release|x86.ActiveCfg = Release|Win32
		{4AD914B4-38D5-4024-BA79-D075440A490C}.Release|x86.Build.0 = Release|Win32
		{B48E5F4A-55ED-4E9C-9B59-06E612A15310}.Debug|x64.ActiveCfg = Debug|x64
		{B48E5F4A-55ED-4E9C-9B59-06E612A15310}.Debug|x64.Build.0 = Debug|x64
		{B48E5F4A-55ED-4E9C-9B59-06E612A15310}.Debug|x86.ActiveCfg = Debug|Win32
		{B48E5F4A-55ED-4E9C-9B59-06E612A15310}.Debug|x86.Build.0 = Debug|Win32
		{B48E5F4A-55ED-4E9C-9B59-06E612A15310}.Release|x64.ActiveCfg = Release|x64
		{B48E5F4A-55ED-4E9C-9B59-06E612A15310}.Release|x64.Build.0 = Release|x64
		{B48E5F4A-55ED-4E9C-9B59-06E612A15310}.Release|x86.ActiveCfg = Release|Win32
		{B48E5F4A-55ED-4E9C-9B59-06E612A15310}.Release|x86.Build.0 = Release|Win32
		{39525650-9FC9-4C1D-B46B-707746E58446}.Debug|x64.ActiveCfg = Debug|x64
		{39525650-9FC9-4C1D-B46B-707746E58446}.Debug|x64.Build.0 = Debug|x64
		{39525650-9FC9-4C1D-B46B-707746E58446}.Debug|x86.ActiveCfg = Debug|Win32
		{39525650-9FC9-4C1D-B46B-707746E58446}.Debug|x86.Build.0 = Debug|Win32
		{39525650-9FC9-4C1D-B46B-707746E58446}.Release|x64.ActiveCfg = Release|x64
		{39525650-9FC9-4C1D-B46B-707746E58446}.Release|x64.Build.0 = Release|x64
		{39525650-9FC9-4C1D-B46B-707746E58446}.Release|x86.ActiveCfg = Release|Win32
		{39525650-9FC9-4C1D-B46B-707746E58446}.Release|x86.Build.0 = Release|Win32
		{93E4F4E8-C71B-48E9-8BDF-904BE42951EE}.Debug|x64.ActiveCfg = Debug|x64
		{93E4F4E8-C71B-48E9-8BDF-904BE42951EE}.Debug|x64.Build.0 = Debug|x64
		{93E4F4E8-C71B-48E9-8BDF-904BE42951EE}.Debug|x86.ActiveCfg = Debug|Win32
		{93E4F4E8-C71B-48E9-8BDF-904BE42951EE}.Debug|x86.Build.0 = Debug|Win32
		{93E4F4E8-C71B-48E9-8BDF-904BE42951EE}.Release|x64.ActiveCfg = Release|x64
		{93E4F4E8-C71B-48E9-8BDF-904BE42951EE}.Release|x64.Build.0 = Release|x64
		{93E4F4E8-C71B-48E9-8BDF-904BE42951EE}.Release|x86.ActiveCfg = Release|Win32
		{93E4F4E8-C71B-48E9-8BDF-904BE42951EE}.Release|x86.Build.0 = Release|Win32
		{685F85D2-BA4B-4D27-8BC8-CFF4D3D79C94}.Debug|x64.ActiveCfg = Debug|x64
		{685F85D2-BA4B-4D27-8BC8-CFF4D3D79C94}.Debug|x64.Build.0 = Debug|x64
		{685F85D2-BA4B-4D27-8BC8-CFF4D3D79C94}.Debug|x86.ActiveCfg = Debug|Win32
		{685F85D2-BA4B-4D27-8BC8-CFF4D3D79C94}.Debug|x86.Build.0 = Debug|Win32
		{685F85D2-BA4B-4D27-8BC8-CFF4D3D79C94}.Release|x64.ActiveCfg = Release|x64
		{685F85D2-BA4B-4D27-8BC8-CFF4D3D79C94}.Release|x64.Build.0 = Release|x64
		{685F85D2-BA4B-4D27-8BC8-CFF4D3D79C94}.Release|x86.ActiveCfg = Release|Win32
		{685F85D2-BA4B-4D27-8BC8-CFF4D3D79C94}.Release|x86.Build.0 = Release|Win32
		{6915D96F-6297-416F-AE15-4FDB3970EA79}.Debug|x64.ActiveCfg = Debug|x64
		{6915D96F-6297-416F-AE15-4FDB3970EA79}.Debug|x64.Build.0 = Debug|x64
		{6915D96F-6297-416F-AE15-4FDB3970EA79}.Debug|x86.ActiveCfg = Debug|Win32
		{6915D96F-6297-416F-AE15-4FDB3970EA79}.Debug|x86.Build.0 = Debug|Win32
		{6915D96F-6297-416F-AE15-4FDB3970EA79}.Release|x64.ActiveCfg = Release|x64
		{6915D96F-6297-416F-AE15-4FDB3970EA79}.Release|x64.Build.0 = Release|x64
		{6915D96F-6297-416F-AE15-4FDB3970EA79}.Release|x86.ActiveCfg = Release|Win32
		{6915D96F-6297-416F-AE15-4FDB3970EA79}.Release|x86.Build.0 = Release|Win32
	EndGlobalSection
	GlobalSection(SolutionProperties) = preSolution
		HideSolutionNode = FALSE
	EndGlobalSection
	GlobalSection(ExtensibilityGlobals) = postSolution
		SolutionGuid = {36142AC0-32E8-46E1-A590-028264CD23EB}
	EndGlobalSection
EndGlobal
